{
  "name": "nzxt_gui",
  "lockfileVersion": 3,
  "requires": true,
  "packages": {
    "": {
      "dependencies": {
        "@nzxt/web-integrations-types": "^0.4.1"
      }
    },
    "node_modules/@nzxt/web-integrations-types": {
      "version": "0.4.1",
      "resolved": "https://registry.npmjs.org/@nzxt/web-integrations-types/-/web-integrations-types-0.4.1.tgz",
      "integrity": "sha512-WThUkoJVI35xqopCSSzauyXcQ6iQgu2vUg9fb/fN0WcSocNQiWNITZL1JBhrkPh8U52XITlKGbHcv9nDYkUykA==",
      "license": "MIT"
    }
  }
}
